
Microsoft Visual Studio Solution File, Format Version 12.00
# Visual Studio Version 17
VisualStudioVersion = 17.9.34723.18
MinimumVisualStudioVersion = 10.0.40219.1
Project("{FAE04EC0-301F-11D3-BF4B-00C04F79EFBC}") = "Collecties", "Collecties\Collecties.csproj", "{C72663D4-B841-423F-8DA7-94CB0000647C}"
EndProject
Project("{FAE04EC0-301F-11D3-BF4B-00C04F79EFBC}") = "ArrayOefening", "ArrayOefening\ArrayOefening.csproj", "{F2A7E459-6EE1-42A4-A758-4AA66B1ECFDD}"
EndProject
Project("{FAE04EC0-301F-11D3-BF4B-00C04F79EFBC}") = "ObjectenWereld", "ObjectenWereld\ObjectenWereld.csproj", "{4E9BBA46-1F11-41EF-ADCD-0752FA14C1BA}"
EndProject
Project("{FAE04EC0-301F-11D3-BF4B-00C04F79EFBC}") = "RaceGame", "RaceGame\RaceGame.csproj", "{295AC0FC-6AF0-46AE-86C5-36F7F2738AF9}"
EndProject
Global
	GlobalSection(SolutionConfigurationPlatforms) = preSolution
		Debug|Any CPU = Debug|Any CPU
		Release|Any CPU = Release|Any CPU
	EndGlobalSection
	GlobalSection(ProjectConfigurationPlatforms) = postSolution
		{C72663D4-B841-423F-8DA7-94CB0000647C}.Debug|Any CPU.ActiveCfg = Debug|Any CPU
		{C72663D4-B841-423F-8DA7-94CB0000647C}.Debug|Any CPU.Build.0 = Debug|Any CPU
		{C72663D4-B841-423F-8DA7-94CB0000647C}.Release|Any CPU.ActiveCfg = Release|Any CPU
		{C72663D4-B841-423F-8DA7-94CB0000647C}.Release|Any CPU.Build.0 = Release|Any CPU
		{F2A7E459-6EE1-42A4-A758-4AA66B1ECFDD}.Debug|Any CPU.ActiveCfg = Debug|Any CPU
		{F2A7E459-6EE1-42A4-A758-4AA66B1ECFDD}.Debug|Any CPU.Build.0 = Debug|Any CPU
		{F2A7E459-6EE1-42A4-A758-4AA66B1ECFDD}.Release|Any CPU.ActiveCfg = Release|Any CPU
		{F2A7E459-6EE1-42A4-A758-4AA66B1ECFDD}.Release|Any CPU.Build.0 = Release|Any CPU
		{4E9BBA46-1F11-41EF-ADCD-0752FA14C1BA}.Debug|Any CPU.ActiveCfg = Debug|Any CPU
		{4E9BBA46-1F11-41EF-ADCD-0752FA14C1BA}.Debug|Any CPU.Build.0 = Debug|Any CPU
		{4E9BBA46-1F11-41EF-ADCD-0752FA14C1BA}.Release|Any CPU.ActiveCfg = Release|Any CPU
		{4E9BBA46-1F11-41EF-ADCD-0752FA14C1BA}.Release|Any CPU.Build.0 = Release|Any CPU
		{295AC0FC-6AF0-46AE-86C5-36F7F2738AF9}.Debug|Any CPU.ActiveCfg = Debug|Any CPU
		{295AC0FC-6AF0-46AE-86C5-36F7F2738AF9}.Debug|Any CPU.Build.0 = Debug|Any CPU
		{295AC0FC-6AF0-46AE-86C5-36F7F2738AF9}.Release|Any CPU.ActiveCfg = Release|Any CPU
		{295AC0FC-6AF0-46AE-86C5-36F7F2738AF9}.Release|Any CPU.Build.0 = Release|Any CPU
	EndGlobalSection
	GlobalSection(SolutionProperties) = preSolution
		HideSolutionNode = FALSE
	EndGlobalSection
	GlobalSection(ExtensibilityGlobals) = postSolution
		SolutionGuid = {68FBDC23-DBE0-4BE1-BAC6-E915705A4CC8}
	EndGlobalSection
EndGlobal
