
Microsoft Visual Studio Solution File, Format Version 12.00
# Visual Studio Version 17
VisualStudioVersion = 17.9.34723.18
MinimumVisualStudioVersion = 10.0.40219.1
Project("{9A19103F-16F7-4668-BE54-9A1E7A4F7556}") = "KoffieMachine", "KoffieMachine\KoffieMachine.csproj", "{9CC589F7-6AC5-4F48-9D76-9C9EC92C7BD8}"
EndProject
Project("{9A19103F-16F7-4668-BE54-9A1E7A4F7556}") = "Basics", "Basics\Basics.csproj", "{7B227FA5-93CA-4A0B-84D7-4A0D85BD9B99}"
EndProject
Project("{9A19103F-16F7-4668-BE54-9A1E7A4F7556}") = "Operations", "Operations\Operations.csproj", "{791F3163-35F9-4043-95CC-FE9A6207A4E4}"
EndProject
Project("{9A19103F-16F7-4668-BE54-9A1E7A4F7556}") = "Calculator", "Calculator\Calculator.csproj", "{85178168-F273-4E48-BDAE-DBFAE342EC4C}"
EndProject
Project("{FAE04EC0-301F-11D3-BF4B-00C04F79EFBC}") = "JumpForward", "JumpForward\JumpForward.csproj", "{5473EB00-E282-4B21-BD46-BBF407B91B6B}"
EndProject
Project("{FAE04EC0-301F-11D3-BF4B-00C04F79EFBC}") = "Loopings", "Loopings\Loopings.csproj", "{13C29510-8645-4097-81C7-FD0C230FB845}"
EndProject
Project("{FAE04EC0-301F-11D3-BF4B-00C04F79EFBC}") = "RaadHetGetal", "RaadHetGetal\RaadHetGetal.csproj", "{3CD1ADCE-F453-4B08-A771-0C5FAF51B8D0}"
EndProject
Global
	GlobalSection(SolutionConfigurationPlatforms) = preSolution
		Debug|Any CPU = Debug|Any CPU
		Release|Any CPU = Release|Any CPU
	EndGlobalSection
	GlobalSection(ProjectConfigurationPlatforms) = postSolution
		{9CC589F7-6AC5-4F48-9D76-9C9EC92C7BD8}.Debug|Any CPU.ActiveCfg = Debug|Any CPU
		{9CC589F7-6AC5-4F48-9D76-9C9EC92C7BD8}.Debug|Any CPU.Build.0 = Debug|Any CPU
		{9CC589F7-6AC5-4F48-9D76-9C9EC92C7BD8}.Release|Any CPU.ActiveCfg = Release|Any CPU
		{9CC589F7-6AC5-4F48-9D76-9C9EC92C7BD8}.Release|Any CPU.Build.0 = Release|Any CPU
		{7B227FA5-93CA-4A0B-84D7-4A0D85BD9B99}.Debug|Any CPU.ActiveCfg = Debug|Any CPU
		{7B227FA5-93CA-4A0B-84D7-4A0D85BD9B99}.Debug|Any CPU.Build.0 = Debug|Any CPU
		{7B227FA5-93CA-4A0B-84D7-4A0D85BD9B99}.Release|Any CPU.ActiveCfg = Release|Any CPU
		{7B227FA5-93CA-4A0B-84D7-4A0D85BD9B99}.Release|Any CPU.Build.0 = Release|Any CPU
		{791F3163-35F9-4043-95CC-FE9A6207A4E4}.Debug|Any CPU.ActiveCfg = Debug|Any CPU
		{791F3163-35F9-4043-95CC-FE9A6207A4E4}.Debug|Any CPU.Build.0 = Debug|Any CPU
		{791F3163-35F9-4043-95CC-FE9A6207A4E4}.Release|Any CPU.ActiveCfg = Release|Any CPU
		{791F3163-35F9-4043-95CC-FE9A6207A4E4}.Release|Any CPU.Build.0 = Release|Any CPU
		{85178168-F273-4E48-BDAE-DBFAE342EC4C}.Debug|Any CPU.ActiveCfg = Debug|Any CPU
		{85178168-F273-4E48-BDAE-DBFAE342EC4C}.Debug|Any CPU.Build.0 = Debug|Any CPU
		{85178168-F273-4E48-BDAE-DBFAE342EC4C}.Release|Any CPU.ActiveCfg = Release|Any CPU
		{85178168-F273-4E48-BDAE-DBFAE342EC4C}.Release|Any CPU.Build.0 = Release|Any CPU
		{5473EB00-E282-4B21-BD46-BBF407B91B6B}.Debug|Any CPU.ActiveCfg = Debug|Any CPU
		{5473EB00-E282-4B21-BD46-BBF407B91B6B}.Debug|Any CPU.Build.0 = Debug|Any CPU
		{5473EB00-E282-4B21-BD46-BBF407B91B6B}.Release|Any CPU.ActiveCfg = Release|Any CPU
		{5473EB00-E282-4B21-BD46-BBF407B91B6B}.Release|Any CPU.Build.0 = Release|Any CPU
		{13C29510-8645-4097-81C7-FD0C230FB845}.Debug|Any CPU.ActiveCfg = Debug|Any CPU
		{13C29510-8645-4097-81C7-FD0C230FB845}.Debug|Any CPU.Build.0 = Debug|Any CPU
		{13C29510-8645-4097-81C7-FD0C230FB845}.Release|Any CPU.ActiveCfg = Release|Any CPU
		{13C29510-8645-4097-81C7-FD0C230FB845}.Release|Any CPU.Build.0 = Release|Any CPU
		{3CD1ADCE-F453-4B08-A771-0C5FAF51B8D0}.Debug|Any CPU.ActiveCfg = Debug|Any CPU
		{3CD1ADCE-F453-4B08-A771-0C5FAF51B8D0}.Debug|Any CPU.Build.0 = Debug|Any CPU
		{3CD1ADCE-F453-4B08-A771-0C5FAF51B8D0}.Release|Any CPU.ActiveCfg = Release|Any CPU
		{3CD1ADCE-F453-4B08-A771-0C5FAF51B8D0}.Release|Any CPU.Build.0 = Release|Any CPU
	EndGlobalSection
	GlobalSection(SolutionProperties) = preSolution
		HideSolutionNode = FALSE
	EndGlobalSection
	GlobalSection(ExtensibilityGlobals) = postSolution
		SolutionGuid = {3D7DAD56-A901-4C8C-97B0-DE5CBE7E490E}
	EndGlobalSection
EndGlobal
